// !$*UTF8*$!
{
	archiveVersion = 1;
	classes = {
	};
	objectVersion = 50;
	objects = {

/* Begin PBXBuildFile section */
		48F2B189225EEF9A0042ABCC /* DetailViewProtocols.swift in Sources */ = {isa = PBXBuildFile; fileRef = 48F2B188225EEF9A0042ABCC /* DetailViewProtocols.swift */; };
		48F2B18B225EF20B0042ABCC /* DetailViewRemoteDataManager.swift in Sources */ = {isa = PBXBuildFile; fileRef = 48F2B18A225EF20B0042ABCC /* DetailViewRemoteDataManager.swift */; };
		48F2B18D225EF2A60042ABCC /* DetailResponseModel.swift in Sources */ = {isa = PBXBuildFile; fileRef = 48F2B18C225EF2A60042ABCC /* DetailResponseModel.swift */; };
		48F2B192225EFA8D0042ABCC /* DetailViewInteractor.swift in Sources */ = {isa = PBXBuildFile; fileRef = 48F2B191225EFA8D0042ABCC /* DetailViewInteractor.swift */; };
		48F2B194225EFB470042ABCC /* DetailViewPresenter.swift in Sources */ = {isa = PBXBuildFile; fileRef = 48F2B193225EFB470042ABCC /* DetailViewPresenter.swift */; };
		48F2B196225EFC870042ABCC /* DetailViewWireFrame.swift in Sources */ = {isa = PBXBuildFile; fileRef = 48F2B195225EFC870042ABCC /* DetailViewWireFrame.swift */; };
		48F2B198225EFCE50042ABCC /* DetailView.swift in Sources */ = {isa = PBXBuildFile; fileRef = 48F2B197225EFCE50042ABCC /* DetailView.swift */; };
		48F2B19B225F21990042ABCC /* ListingViewPresenterTests.swift in Sources */ = {isa = PBXBuildFile; fileRef = 48F2B19A225F21990042ABCC /* ListingViewPresenterTests.swift */; };
		48F4CC0A225DF83B005F5771 /* AppDelegate.swift in Sources */ = {isa = PBXBuildFile; fileRef = 48F4CC09225DF83B005F5771 /* AppDelegate.swift */; };
		48F4CC12225DF83B005F5771 /* SmartMobe.xcdatamodeld in Sources */ = {isa = PBXBuildFile; fileRef = 48F4CC10225DF83B005F5771 /* SmartMobe.xcdatamodeld */; };
		48F4CC14225DF83D005F5771 /* Assets.xcassets in Resources */ = {isa = PBXBuildFile; fileRef = 48F4CC13225DF83D005F5771 /* Assets.xcassets */; };
		48F4CC17225DF83D005F5771 /* LaunchScreen.storyboard in Resources */ = {isa = PBXBuildFile; fileRef = 48F4CC15225DF83D005F5771 /* LaunchScreen.storyboard */; };
		48F4CC22225DF83D005F5771 /* ListingViewLocalDataManagerTests.swift in Sources */ = {isa = PBXBuildFile; fileRef = 48F4CC21225DF83D005F5771 /* ListingViewLocalDataManagerTests.swift */; };
		48F4CC35225DF929005F5771 /* ListingViewProtocols.swift in Sources */ = {isa = PBXBuildFile; fileRef = 48F4CC34225DF929005F5771 /* ListingViewProtocols.swift */; };
		48F4CC38225E00D1005F5771 /* ListResponseModel.swift in Sources */ = {isa = PBXBuildFile; fileRef = 48F4CC37225E00D1005F5771 /* ListResponseModel.swift */; };
		48F4CC3A225E00DE005F5771 /* ListRequestModel.swift in Sources */ = {isa = PBXBuildFile; fileRef = 48F4CC39225E00DE005F5771 /* ListRequestModel.swift */; };
		48F4CC3E225E0434005F5771 /* CoreDataStore.swift in Sources */ = {isa = PBXBuildFile; fileRef = 48F4CC3D225E0434005F5771 /* CoreDataStore.swift */; };
		48F4CC40225E043D005F5771 /* Model+Alamofire.swift in Sources */ = {isa = PBXBuildFile; fileRef = 48F4CC3F225E043D005F5771 /* Model+Alamofire.swift */; };
		48F4CC42225E0467005F5771 /* PersistenceError.swift in Sources */ = {isa = PBXBuildFile; fileRef = 48F4CC41225E0467005F5771 /* PersistenceError.swift */; };
		48F4CC44225E0471005F5771 /* ShowAlert.swift in Sources */ = {isa = PBXBuildFile; fileRef = 48F4CC43225E0471005F5771 /* ShowAlert.swift */; };
		48F4CC46225E0478005F5771 /* EndPoints.swift in Sources */ = {isa = PBXBuildFile; fileRef = 48F4CC45225E0478005F5771 /* EndPoints.swift */; };
		48F4CC4A225E05BA005F5771 /* ListingViewLocalDataManager.swift in Sources */ = {isa = PBXBuildFile; fileRef = 48F4CC49225E05BA005F5771 /* ListingViewLocalDataManager.swift */; };
		48F4CC4C225E0773005F5771 /* ListingViewRemoteDataManager.swift in Sources */ = {isa = PBXBuildFile; fileRef = 48F4CC4B225E0773005F5771 /* ListingViewRemoteDataManager.swift */; };
		48F4CC4E225E0940005F5771 /* ListingViewInteractor.swift in Sources */ = {isa = PBXBuildFile; fileRef = 48F4CC4D225E0940005F5771 /* ListingViewInteractor.swift */; };
		48F4CC50225E0CF0005F5771 /* ListingViewPresenter.swift in Sources */ = {isa = PBXBuildFile; fileRef = 48F4CC4F225E0CF0005F5771 /* ListingViewPresenter.swift */; };
		48F4CC52225E0E59005F5771 /* SmartMobe.storyboard in Resources */ = {isa = PBXBuildFile; fileRef = 48F4CC51225E0E59005F5771 /* SmartMobe.storyboard */; };
		48F4CC54225E0F2F005F5771 /* ListingView.swift in Sources */ = {isa = PBXBuildFile; fileRef = 48F4CC53225E0F2F005F5771 /* ListingView.swift */; };
		48F4CC56225E0F8A005F5771 /* ListingViewTableCellView.swift in Sources */ = {isa = PBXBuildFile; fileRef = 48F4CC55225E0F8A005F5771 /* ListingViewTableCellView.swift */; };
		48F4CC59225E1201005F5771 /* UIStoryBoard.swift in Sources */ = {isa = PBXBuildFile; fileRef = 48F4CC58225E1201005F5771 /* UIStoryBoard.swift */; };
		48F4CC5B225E167B005F5771 /* ListingViewWireFrame.swift in Sources */ = {isa = PBXBuildFile; fileRef = 48F4CC5A225E167B005F5771 /* ListingViewWireFrame.swift */; };
		48F4CC63225E282A005F5771 /* ListingViewRemoteDataManager.swift in Sources */ = {isa = PBXBuildFile; fileRef = 48F4CC62225E282A005F5771 /* ListingViewRemoteDataManager.swift */; };
		7193E95009A2495A01CCF96B /* Pods_SmartMobeTests.framework in Frameworks */ = {isa = PBXBuildFile; fileRef = AA463FB22E01318EAFD6274E /* Pods_SmartMobeTests.framework */; };
		A5BA7F6FD2C1D971177B0061 /* Pods_SmartMobe.framework in Frameworks */ = {isa = PBXBuildFile; fileRef = E735F6E1A1D3E197F32F6134 /* Pods_SmartMobe.framework */; };
		F022504B22A90B0B00EE9A86 /* SmartMobeUITests.swift in Sources */ = {isa = PBXBuildFile; fileRef = F022504A22A90B0B00EE9A86 /* SmartMobeUITests.swift */; };
/* End PBXBuildFile section */

/* Begin PBXContainerItemProxy section */
		48F4CC1E225DF83D005F5771 /* PBXContainerItemProxy */ = {
			isa = PBXContainerItemProxy;
			containerPortal = 48F4CBFE225DF83B005F5771 /* Project object */;
			proxyType = 1;
			remoteGlobalIDString = 48F4CC05225DF83B005F5771;
			remoteInfo = SmartMobe;
		};
		F022504D22A90B0B00EE9A86 /* PBXContainerItemProxy */ = {
			isa = PBXContainerItemProxy;
			containerPortal = 48F4CBFE225DF83B005F5771 /* Project object */;
			proxyType = 1;
			remoteGlobalIDString = 48F4CC05225DF83B005F5771;
			remoteInfo = SmartMobe;
		};
/* End PBXContainerItemProxy section */

/* Begin PBXFileReference section */
		2C326734097C6ABB5924C221 /* Pods-SmartMobeTests.debug.xcconfig */ = {isa = PBXFileReference; includeInIndex = 1; lastKnownFileType = text.xcconfig; name = "Pods-SmartMobeTests.debug.xcconfig"; path = "Target Support Files/Pods-SmartMobeTests/Pods-SmartMobeTests.debug.xcconfig"; sourceTree = "<group>"; };
		48F2B188225EEF9A0042ABCC /* DetailViewProtocols.swift */ = {isa = PBXFileReference; lastKnownFileType = sourcecode.swift; path = DetailViewProtocols.swift; sourceTree = "<group>"; };
		48F2B18A225EF20B0042ABCC /* DetailViewRemoteDataManager.swift */ = {isa = PBXFileReference; lastKnownFileType = sourcecode.swift; path = DetailViewRemoteDataManager.swift; sourceTree = "<group>"; };
		48F2B18C225EF2A60042ABCC /* DetailResponseModel.swift */ = {isa = PBXFileReference; lastKnownFileType = sourcecode.swift; path = DetailResponseModel.swift; sourceTree = "<group>"; };
		48F2B191225EFA8D0042ABCC /* DetailViewInteractor.swift */ = {isa = PBXFileReference; lastKnownFileType = sourcecode.swift; path = DetailViewInteractor.swift; sourceTree = "<group>"; };
		48F2B193225EFB470042ABCC /* DetailViewPresenter.swift */ = {isa = PBXFileReference; lastKnownFileType = sourcecode.swift; path = DetailViewPresenter.swift; sourceTree = "<group>"; };
		48F2B195225EFC870042ABCC /* DetailViewWireFrame.swift */ = {isa = PBXFileReference; lastKnownFileType = sourcecode.swift; path = DetailViewWireFrame.swift; sourceTree = "<group>"; };
		48F2B197225EFCE50042ABCC /* DetailView.swift */ = {isa = PBXFileReference; lastKnownFileType = sourcecode.swift; path = DetailView.swift; sourceTree = "<group>"; };
		48F2B19A225F21990042ABCC /* ListingViewPresenterTests.swift */ = {isa = PBXFileReference; lastKnownFileType = sourcecode.swift; path = ListingViewPresenterTests.swift; sourceTree = "<group>"; };
		48F4CC06225DF83B005F5771 /* SmartMobe.app */ = {isa = PBXFileReference; explicitFileType = wrapper.application; includeInIndex = 0; path = SmartMobe.app; sourceTree = BUILT_PRODUCTS_DIR; };
		48F4CC09225DF83B005F5771 /* AppDelegate.swift */ = {isa = PBXFileReference; lastKnownFileType = sourcecode.swift; path = AppDelegate.swift; sourceTree = "<group>"; };
		48F4CC11225DF83B005F5771 /* SmartMobe.xcdatamodel */ = {isa = PBXFileReference; lastKnownFileType = wrapper.xcdatamodel; path = SmartMobe.xcdatamodel; sourceTree = "<group>"; };
		48F4CC13225DF83D005F5771 /* Assets.xcassets */ = {isa = PBXFileReference; lastKnownFileType = folder.assetcatalog; path = Assets.xcassets; sourceTree = "<group>"; };
		48F4CC16225DF83D005F5771 /* Base */ = {isa = PBXFileReference; lastKnownFileType = file.storyboard; name = Base; path = Base.lproj/LaunchScreen.storyboard; sourceTree = "<group>"; };
		48F4CC18225DF83D005F5771 /* Info.plist */ = {isa = PBXFileReference; lastKnownFileType = text.plist.xml; path = Info.plist; sourceTree = "<group>"; };
		48F4CC1D225DF83D005F5771 /* SmartMobeTests.xctest */ = {isa = PBXFileReference; explicitFileType = wrapper.cfbundle; includeInIndex = 0; path = SmartMobeTests.xctest; sourceTree = BUILT_PRODUCTS_DIR; };
		48F4CC21225DF83D005F5771 /* ListingViewLocalDataManagerTests.swift */ = {isa = PBXFileReference; lastKnownFileType = sourcecode.swift; path = ListingViewLocalDataManagerTests.swift; sourceTree = "<group>"; };
		48F4CC23225DF83D005F5771 /* Info.plist */ = {isa = PBXFileReference; lastKnownFileType = text.plist.xml; path = Info.plist; sourceTree = "<group>"; };
		48F4CC34225DF929005F5771 /* ListingViewProtocols.swift */ = {isa = PBXFileReference; lastKnownFileType = sourcecode.swift; path = ListingViewProtocols.swift; sourceTree = "<group>"; };
		48F4CC37225E00D1005F5771 /* ListResponseModel.swift */ = {isa = PBXFileReference; lastKnownFileType = sourcecode.swift; path = ListResponseModel.swift; sourceTree = "<group>"; };
		48F4CC39225E00DE005F5771 /* ListRequestModel.swift */ = {isa = PBXFileReference; lastKnownFileType = sourcecode.swift; path = ListRequestModel.swift; sourceTree = "<group>"; };
		48F4CC3D225E0434005F5771 /* CoreDataStore.swift */ = {isa = PBXFileReference; fileEncoding = 4; lastKnownFileType = sourcecode.swift; path = CoreDataStore.swift; sourceTree = "<group>"; };
		48F4CC3F225E043D005F5771 /* Model+Alamofire.swift */ = {isa = PBXFileReference; fileEncoding = 4; lastKnownFileType = sourcecode.swift; path = "Model+Alamofire.swift"; sourceTree = "<group>"; };
		48F4CC41225E0467005F5771 /* PersistenceError.swift */ = {isa = PBXFileReference; fileEncoding = 4; lastKnownFileType = sourcecode.swift; path = PersistenceError.swift; sourceTree = "<group>"; };
		48F4CC43225E0471005F5771 /* ShowAlert.swift */ = {isa = PBXFileReference; fileEncoding = 4; lastKnownFileType = sourcecode.swift; path = ShowAlert.swift; sourceTree = "<group>"; };
		48F4CC45225E0478005F5771 /* EndPoints.swift */ = {isa = PBXFileReference; fileEncoding = 4; lastKnownFileType = sourcecode.swift; path = EndPoints.swift; sourceTree = "<group>"; };
		48F4CC49225E05BA005F5771 /* ListingViewLocalDataManager.swift */ = {isa = PBXFileReference; lastKnownFileType = sourcecode.swift; path = ListingViewLocalDataManager.swift; sourceTree = "<group>"; };
		48F4CC4B225E0773005F5771 /* ListingViewRemoteDataManager.swift */ = {isa = PBXFileReference; lastKnownFileType = sourcecode.swift; path = ListingViewRemoteDataManager.swift; sourceTree = "<group>"; };
		48F4CC4D225E0940005F5771 /* ListingViewInteractor.swift */ = {isa = PBXFileReference; lastKnownFileType = sourcecode.swift; path = ListingViewInteractor.swift; sourceTree = "<group>"; };
		48F4CC4F225E0CF0005F5771 /* ListingViewPresenter.swift */ = {isa = PBXFileReference; lastKnownFileType = sourcecode.swift; path = ListingViewPresenter.swift; sourceTree = "<group>"; };
		48F4CC51225E0E59005F5771 /* SmartMobe.storyboard */ = {isa = PBXFileReference; lastKnownFileType = file.storyboard; path = SmartMobe.storyboard; sourceTree = "<group>"; };
		48F4CC53225E0F2F005F5771 /* ListingView.swift */ = {isa = PBXFileReference; lastKnownFileType = sourcecode.swift; path = ListingView.swift; sourceTree = "<group>"; };
		48F4CC55225E0F8A005F5771 /* ListingViewTableCellView.swift */ = {isa = PBXFileReference; lastKnownFileType = sourcecode.swift; path = ListingViewTableCellView.swift; sourceTree = "<group>"; };
		48F4CC58225E1201005F5771 /* UIStoryBoard.swift */ = {isa = PBXFileReference; lastKnownFileType = sourcecode.swift; path = UIStoryBoard.swift; sourceTree = "<group>"; };
		48F4CC5A225E167B005F5771 /* ListingViewWireFrame.swift */ = {isa = PBXFileReference; lastKnownFileType = sourcecode.swift; path = ListingViewWireFrame.swift; sourceTree = "<group>"; };
		48F4CC62225E282A005F5771 /* ListingViewRemoteDataManager.swift */ = {isa = PBXFileReference; lastKnownFileType = sourcecode.swift; path = ListingViewRemoteDataManager.swift; sourceTree = "<group>"; };
		5D401E8A5EE713E561E3A027 /* Pods-SmartMobe.debug.xcconfig */ = {isa = PBXFileReference; includeInIndex = 1; lastKnownFileType = text.xcconfig; name = "Pods-SmartMobe.debug.xcconfig"; path = "Target Support Files/Pods-SmartMobe/Pods-SmartMobe.debug.xcconfig"; sourceTree = "<group>"; };
		81DA997FE2173ADA5CE3EA4C /* Pods-SmartMobeTests.release.xcconfig */ = {isa = PBXFileReference; includeInIndex = 1; lastKnownFileType = text.xcconfig; name = "Pods-SmartMobeTests.release.xcconfig"; path = "Target Support Files/Pods-SmartMobeTests/Pods-SmartMobeTests.release.xcconfig"; sourceTree = "<group>"; };
		924380A131B1E421C48D5062 /* Pods-SmartMobe.release.xcconfig */ = {isa = PBXFileReference; includeInIndex = 1; lastKnownFileType = text.xcconfig; name = "Pods-SmartMobe.release.xcconfig"; path = "Target Support Files/Pods-SmartMobe/Pods-SmartMobe.release.xcconfig"; sourceTree = "<group>"; };
		AA463FB22E01318EAFD6274E /* Pods_SmartMobeTests.framework */ = {isa = PBXFileReference; explicitFileType = wrapper.framework; includeInIndex = 0; path = Pods_SmartMobeTests.framework; sourceTree = BUILT_PRODUCTS_DIR; };
		E735F6E1A1D3E197F32F6134 /* Pods_SmartMobe.framework */ = {isa = PBXFileReference; explicitFileType = wrapper.framework; includeInIndex = 0; path = Pods_SmartMobe.framework; sourceTree = BUILT_PRODUCTS_DIR; };
		F022504822A90B0B00EE9A86 /* SmartMobeUITests.xctest */ = {isa = PBXFileReference; explicitFileType = wrapper.cfbundle; includeInIndex = 0; path = SmartMobeUITests.xctest; sourceTree = BUILT_PRODUCTS_DIR; };
		F022504A22A90B0B00EE9A86 /* SmartMobeUITests.swift */ = {isa = PBXFileReference; lastKnownFileType = sourcecode.swift; path = SmartMobeUITests.swift; sourceTree = "<group>"; };
		F022504C22A90B0B00EE9A86 /* Info.plist */ = {isa = PBXFileReference; lastKnownFileType = text.plist.xml; path = Info.plist; sourceTree = "<group>"; };
/* End PBXFileReference section */

/* Begin PBXFrameworksBuildPhase section */
		48F4CC03225DF83B005F5771 /* Frameworks */ = {
			isa = PBXFrameworksBuildPhase;
			buildActionMask = 2147483647;
			files = (
				A5BA7F6FD2C1D971177B0061 /* Pods_SmartMobe.framework in Frameworks */,
			);
			runOnlyForDeploymentPostprocessing = 0;
		};
		48F4CC1A225DF83D005F5771 /* Frameworks */ = {
			isa = PBXFrameworksBuildPhase;
			buildActionMask = 2147483647;
			files = (
				7193E95009A2495A01CCF96B /* Pods_SmartMobeTests.framework in Frameworks */,
			);
			runOnlyForDeploymentPostprocessing = 0;
		};
		F022504522A90B0B00EE9A86 /* Frameworks */ = {
			isa = PBXFrameworksBuildPhase;
			buildActionMask = 2147483647;
			files = (
			);
			runOnlyForDeploymentPostprocessing = 0;
		};
/* End PBXFrameworksBuildPhase section */

/* Begin PBXGroup section */
		1C60CBC132D8EC6D7B27ABA7 /* Pods */ = {
			isa = PBXGroup;
			children = (
				5D401E8A5EE713E561E3A027 /* Pods-SmartMobe.debug.xcconfig */,
				924380A131B1E421C48D5062 /* Pods-SmartMobe.release.xcconfig */,
				2C326734097C6ABB5924C221 /* Pods-SmartMobeTests.debug.xcconfig */,
				81DA997FE2173ADA5CE3EA4C /* Pods-SmartMobeTests.release.xcconfig */,
			);
			path = Pods;
			sourceTree = "<group>";
		};
		48F2B180225EEF2F0042ABCC /* DetailViewController */ = {
			isa = PBXGroup;
			children = (
				48F2B181225EEF420042ABCC /* Entity */,
				48F2B182225EEF480042ABCC /* DataManager */,
				48F2B187225EEF720042ABCC /* Protocol */,
				48F2B186225EEF630042ABCC /* Interactor */,
				48F2B185225EEF5E0042ABCC /* Presenter */,
				48F2B184225EEF560042ABCC /* WireFrame */,
				48F2B183225EEF520042ABCC /* View */,
			);
			path = DetailViewController;
			sourceTree = "<group>";
		};
		48F2B181225EEF420042ABCC /* Entity */ = {
			isa = PBXGroup;
			children = (
				48F2B18C225EF2A60042ABCC /* DetailResponseModel.swift */,
			);
			path = Entity;
			sourceTree = "<group>";
		};
		48F2B182225EEF480042ABCC /* DataManager */ = {
			isa = PBXGroup;
			children = (
				48F2B190225EFA790042ABCC /* Remote */,
			);
			path = DataManager;
			sourceTree = "<group>";
		};
		48F2B183225EEF520042ABCC /* View */ = {
			isa = PBXGroup;
			children = (
				48F2B197225EFCE50042ABCC /* DetailView.swift */,
			);
			path = View;
			sourceTree = "<group>";
		};
		48F2B184225EEF560042ABCC /* WireFrame */ = {
			isa = PBXGroup;
			children = (
				48F2B195225EFC870042ABCC /* DetailViewWireFrame.swift */,
			);
			path = WireFrame;
			sourceTree = "<group>";
		};
		48F2B185225EEF5E0042ABCC /* Presenter */ = {
			isa = PBXGroup;
			children = (
				48F2B193225EFB470042ABCC /* DetailViewPresenter.swift */,
			);
			path = Presenter;
			sourceTree = "<group>";
		};
		48F2B186225EEF630042ABCC /* Interactor */ = {
			isa = PBXGroup;
			children = (
				48F2B191225EFA8D0042ABCC /* DetailViewInteractor.swift */,
			);
			path = Interactor;
			sourceTree = "<group>";
		};
		48F2B187225EEF720042ABCC /* Protocol */ = {
			isa = PBXGroup;
			children = (
				48F2B188225EEF9A0042ABCC /* DetailViewProtocols.swift */,
			);
			path = Protocol;
			sourceTree = "<group>";
		};
		48F2B190225EFA790042ABCC /* Remote */ = {
			isa = PBXGroup;
			children = (
				48F2B18A225EF20B0042ABCC /* DetailViewRemoteDataManager.swift */,
			);
			path = Remote;
			sourceTree = "<group>";
		};
		48F2B199225F21790042ABCC /* Presenter */ = {
			isa = PBXGroup;
			children = (
				48F2B19A225F21990042ABCC /* ListingViewPresenterTests.swift */,
			);
			path = Presenter;
			sourceTree = "<group>";
		};
		48F4CBFD225DF83B005F5771 = {
			isa = PBXGroup;
			children = (
				48F4CC08225DF83B005F5771 /* SmartMobe */,
				48F4CC20225DF83D005F5771 /* SmartMobeTests */,
				F022504922A90B0B00EE9A86 /* SmartMobeUITests */,
				48F4CC07225DF83B005F5771 /* Products */,
				1C60CBC132D8EC6D7B27ABA7 /* Pods */,
				70D8576D8C136BB16B3C3AA0 /* Frameworks */,
			);
			sourceTree = "<group>";
		};
		48F4CC07225DF83B005F5771 /* Products */ = {
			isa = PBXGroup;
			children = (
				48F4CC06225DF83B005F5771 /* SmartMobe.app */,
				48F4CC1D225DF83D005F5771 /* SmartMobeTests.xctest */,
				F022504822A90B0B00EE9A86 /* SmartMobeUITests.xctest */,
			);
			name = Products;
			sourceTree = "<group>";
		};
		48F4CC08225DF83B005F5771 /* SmartMobe */ = {
			isa = PBXGroup;
			children = (
				48F4CC09225DF83B005F5771 /* AppDelegate.swift */,
				48F4CC2C225DF884005F5771 /* ListingViewController */,
				48F2B180225EEF2F0042ABCC /* DetailViewController */,
				48F4CC13225DF83D005F5771 /* Assets.xcassets */,
				48F4CC51225E0E59005F5771 /* SmartMobe.storyboard */,
				48F4CC15225DF83D005F5771 /* LaunchScreen.storyboard */,
				48F4CC3C225E0418005F5771 /* Utils */,
				48F4CC57225E11EE005F5771 /* extensions */,
				48F4CC18225DF83D005F5771 /* Info.plist */,
				48F4CC10225DF83B005F5771 /* SmartMobe.xcdatamodeld */,
			);
			path = SmartMobe;
			sourceTree = "<group>";
		};
		48F4CC20225DF83D005F5771 /* SmartMobeTests */ = {
			isa = PBXGroup;
			children = (
				48F4CC5C225E1ECE005F5771 /* ListingViewControllerTests */,
				48F4CC23225DF83D005F5771 /* Info.plist */,
			);
			path = SmartMobeTests;
			sourceTree = "<group>";
		};
		48F4CC2C225DF884005F5771 /* ListingViewController */ = {
			isa = PBXGroup;
			children = (
				48F4CC33225DF8CD005F5771 /* Entity */,
				48F4CC32225DF8AE005F5771 /* DataManager */,
				48F4CC30225DF89F005F5771 /* Protocol */,
				48F4CC2F225DF899005F5771 /* Interactor */,
				48F4CC31225DF8A4005F5771 /* WireFrame */,
				48F4CC2E225DF893005F5771 /* Presenter */,
				48F4CC2D225DF88F005F5771 /* View */,
			);
			path = ListingViewController;
			sourceTree = "<group>";
		};
		48F4CC2D225DF88F005F5771 /* View */ = {
			isa = PBXGroup;
			children = (
				48F4CC53225E0F2F005F5771 /* ListingView.swift */,
				48F4CC55225E0F8A005F5771 /* ListingViewTableCellView.swift */,
			);
			path = View;
			sourceTree = "<group>";
		};
		48F4CC2E225DF893005F5771 /* Presenter */ = {
			isa = PBXGroup;
			children = (
				48F4CC4F225E0CF0005F5771 /* ListingViewPresenter.swift */,
			);
			path = Presenter;
			sourceTree = "<group>";
		};
		48F4CC2F225DF899005F5771 /* Interactor */ = {
			isa = PBXGroup;
			children = (
				48F4CC4D225E0940005F5771 /* ListingViewInteractor.swift */,
			);
			path = Interactor;
			sourceTree = "<group>";
		};
		48F4CC30225DF89F005F5771 /* Protocol */ = {
			isa = PBXGroup;
			children = (
				48F4CC34225DF929005F5771 /* ListingViewProtocols.swift */,
			);
			path = Protocol;
			sourceTree = "<group>";
		};
		48F4CC31225DF8A4005F5771 /* WireFrame */ = {
			isa = PBXGroup;
			children = (
				48F4CC5A225E167B005F5771 /* ListingViewWireFrame.swift */,
			);
			path = WireFrame;
			sourceTree = "<group>";
		};
		48F4CC32225DF8AE005F5771 /* DataManager */ = {
			isa = PBXGroup;
			children = (
				48F4CC47225E057D005F5771 /* Local */,
				48F4CC48225E058C005F5771 /* Remote */,
			);
			path = DataManager;
			sourceTree = "<group>";
		};
		48F4CC33225DF8CD005F5771 /* Entity */ = {
			isa = PBXGroup;
			children = (
				48F4CC37225E00D1005F5771 /* ListResponseModel.swift */,
				48F4CC39225E00DE005F5771 /* ListRequestModel.swift */,
			);
			path = Entity;
			sourceTree = "<group>";
		};
		48F4CC3C225E0418005F5771 /* Utils */ = {
			isa = PBXGroup;
			children = (
				48F4CC45225E0478005F5771 /* EndPoints.swift */,
				48F4CC43225E0471005F5771 /* ShowAlert.swift */,
				48F4CC41225E0467005F5771 /* PersistenceError.swift */,
				48F4CC3D225E0434005F5771 /* CoreDataStore.swift */,
				48F4CC3F225E043D005F5771 /* Model+Alamofire.swift */,
			);
			path = Utils;
			sourceTree = "<group>";
		};
		48F4CC47225E057D005F5771 /* Local */ = {
			isa = PBXGroup;
			children = (
				48F4CC49225E05BA005F5771 /* ListingViewLocalDataManager.swift */,
			);
			path = Local;
			sourceTree = "<group>";
		};
		48F4CC48225E058C005F5771 /* Remote */ = {
			isa = PBXGroup;
			children = (
				48F4CC4B225E0773005F5771 /* ListingViewRemoteDataManager.swift */,
			);
			path = Remote;
			sourceTree = "<group>";
		};
		48F4CC57225E11EE005F5771 /* extensions */ = {
			isa = PBXGroup;
			children = (
				48F4CC58225E1201005F5771 /* UIStoryBoard.swift */,
			);
			path = extensions;
			sourceTree = "<group>";
		};
		48F4CC5C225E1ECE005F5771 /* ListingViewControllerTests */ = {
			isa = PBXGroup;
			children = (
				48F2B199225F21790042ABCC /* Presenter */,
				48F4CC5F225E1F06005F5771 /* DataManager */,
			);
			path = ListingViewControllerTests;
			sourceTree = "<group>";
		};
		48F4CC5F225E1F06005F5771 /* DataManager */ = {
			isa = PBXGroup;
			children = (
				48F4CC61225E2809005F5771 /* Remote */,
				48F4CC60225E1F0F005F5771 /* Local */,
			);
			path = DataManager;
			sourceTree = "<group>";
		};
		48F4CC60225E1F0F005F5771 /* Local */ = {
			isa = PBXGroup;
			children = (
				48F4CC21225DF83D005F5771 /* ListingViewLocalDataManagerTests.swift */,
			);
			path = Local;
			sourceTree = "<group>";
		};
		48F4CC61225E2809005F5771 /* Remote */ = {
			isa = PBXGroup;
			children = (
				48F4CC62225E282A005F5771 /* ListingViewRemoteDataManager.swift */,
			);
			path = Remote;
			sourceTree = "<group>";
		};
		70D8576D8C136BB16B3C3AA0 /* Frameworks */ = {
			isa = PBXGroup;
			children = (
				E735F6E1A1D3E197F32F6134 /* Pods_SmartMobe.framework */,
				AA463FB22E01318EAFD6274E /* Pods_SmartMobeTests.framework */,
			);
			name = Frameworks;
			sourceTree = "<group>";
		};
		F022504922A90B0B00EE9A86 /* SmartMobeUITests */ = {
			isa = PBXGroup;
			children = (
				F022505222A90B2100EE9A86 /* ListingViewControllerTests */,
				F022504C22A90B0B00EE9A86 /* Info.plist */,
			);
			path = SmartMobeUITests;
			sourceTree = "<group>";
		};
		F022505222A90B2100EE9A86 /* ListingViewControllerTests */ = {
			isa = PBXGroup;
			children = (
				F022504A22A90B0B00EE9A86 /* SmartMobeUITests.swift */,
			);
			path = ListingViewControllerTests;
			sourceTree = "<group>";
		};
/* End PBXGroup section */

/* Begin PBXNativeTarget section */
		48F4CC05225DF83B005F5771 /* SmartMobe */ = {
			isa = PBXNativeTarget;
			buildConfigurationList = 48F4CC26225DF83D005F5771 /* Build configuration list for PBXNativeTarget "SmartMobe" */;
			buildPhases = (
				19B73758F5C4F632958AA6E1 /* [CP] Check Pods Manifest.lock */,
				48F4CC02225DF83B005F5771 /* Sources */,
				48F4CC03225DF83B005F5771 /* Frameworks */,
				48F4CC04225DF83B005F5771 /* Resources */,
				DAD4C8F2F0E625365C3585F0 /* [CP] Embed Pods Frameworks */,
			);
			buildRules = (
			);
			dependencies = (
			);
			name = SmartMobe;
			productName = SmartMobe;
			productReference = 48F4CC06225DF83B005F5771 /* SmartMobe.app */;
			productType = "com.apple.product-type.application";
		};
		48F4CC1C225DF83D005F5771 /* SmartMobeTests */ = {
			isa = PBXNativeTarget;
			buildConfigurationList = 48F4CC29225DF83D005F5771 /* Build configuration list for PBXNativeTarget "SmartMobeTests" */;
			buildPhases = (
				DFED784EFCB11301384777F9 /* [CP] Check Pods Manifest.lock */,
				48F4CC19225DF83D005F5771 /* Sources */,
				48F4CC1A225DF83D005F5771 /* Frameworks */,
				48F4CC1B225DF83D005F5771 /* Resources */,
			);
			buildRules = (
			);
			dependencies = (
				48F4CC1F225DF83D005F5771 /* PBXTargetDependency */,
			);
			name = SmartMobeTests;
			productName = SmartMobeTests;
			productReference = 48F4CC1D225DF83D005F5771 /* SmartMobeTests.xctest */;
			productType = "com.apple.product-type.bundle.unit-test";
		};
		F022504722A90B0B00EE9A86 /* SmartMobeUITests */ = {
			isa = PBXNativeTarget;
			buildConfigurationList = F022504F22A90B0B00EE9A86 /* Build configuration list for PBXNativeTarget "SmartMobeUITests" */;
			buildPhases = (
				F022504422A90B0B00EE9A86 /* Sources */,
				F022504522A90B0B00EE9A86 /* Frameworks */,
				F022504622A90B0B00EE9A86 /* Resources */,
			);
			buildRules = (
			);
			dependencies = (
				F022504E22A90B0B00EE9A86 /* PBXTargetDependency */,
			);
			name = SmartMobeUITests;
			productName = SmartMobeUITests;
			productReference = F022504822A90B0B00EE9A86 /* SmartMobeUITests.xctest */;
			productType = "com.apple.product-type.bundle.ui-testing";
		};
/* End PBXNativeTarget section */

/* Begin PBXProject section */
		48F4CBFE225DF83B005F5771 /* Project object */ = {
			isa = PBXProject;
			attributes = {
				LastSwiftUpdateCheck = 1020;
				LastUpgradeCheck = 1020;
				ORGANIZATIONNAME = "Smart Mobe";
				TargetAttributes = {
					48F4CC05225DF83B005F5771 = {
						CreatedOnToolsVersion = 10.2;
					};
					48F4CC1C225DF83D005F5771 = {
						CreatedOnToolsVersion = 10.2;
						TestTargetID = 48F4CC05225DF83B005F5771;
					};
					F022504722A90B0B00EE9A86 = {
						CreatedOnToolsVersion = 10.2;
						TestTargetID = 48F4CC05225DF83B005F5771;
					};
				};
			};
			buildConfigurationList = 48F4CC01225DF83B005F5771 /* Build configuration list for PBXProject "SmartMobe" */;
			compatibilityVersion = "Xcode 9.3";
			developmentRegion = en;
			hasScannedForEncodings = 0;
			knownRegions = (
				en,
				Base,
			);
			mainGroup = 48F4CBFD225DF83B005F5771;
			productRefGroup = 48F4CC07225DF83B005F5771 /* Products */;
			projectDirPath = "";
			projectRoot = "";
			targets = (
				48F4CC05225DF83B005F5771 /* SmartMobe */,
				48F4CC1C225DF83D005F5771 /* SmartMobeTests */,
				F022504722A90B0B00EE9A86 /* SmartMobeUITests */,
			);
		};
/* End PBXProject section */

/* Begin PBXResourcesBuildPhase section */
		48F4CC04225DF83B005F5771 /* Resources */ = {
			isa = PBXResourcesBuildPhase;
			buildActionMask = 2147483647;
			files = (
				48F4CC17225DF83D005F5771 /* LaunchScreen.storyboard in Resources */,
				48F4CC52225E0E59005F5771 /* SmartMobe.storyboard in Resources */,
				48F4CC14225DF83D005F5771 /* Assets.xcassets in Resources */,
			);
			runOnlyForDeploymentPostprocessing = 0;
		};
		48F4CC1B225DF83D005F5771 /* Resources */ = {
			isa = PBXResourcesBuildPhase;
			buildActionMask = 2147483647;
			files = (
			);
			runOnlyForDeploymentPostprocessing = 0;
		};
		F022504622A90B0B00EE9A86 /* Resources */ = {
			isa = PBXResourcesBuildPhase;
			buildActionMask = 2147483647;
			files = (
			);
			runOnlyForDeploymentPostprocessing = 0;
		};
/* End PBXResourcesBuildPhase section */

/* Begin PBXShellScriptBuildPhase section */
		19B73758F5C4F632958AA6E1 /* [CP] Check Pods Manifest.lock */ = {
			isa = PBXShellScriptBuildPhase;
			buildActionMask = 2147483647;
			files = (
			);
			inputFileListPaths = (
			);
			inputPaths = (
				"${PODS_PODFILE_DIR_PATH}/Podfile.lock",
				"${PODS_ROOT}/Manifest.lock",
			);
			name = "[CP] Check Pods Manifest.lock";
			outputFileListPaths = (
			);
			outputPaths = (
				"$(DERIVED_FILE_DIR)/Pods-SmartMobe-checkManifestLockResult.txt",
			);
			runOnlyForDeploymentPostprocessing = 0;
			shellPath = /bin/sh;
			shellScript = "diff \"${PODS_PODFILE_DIR_PATH}/Podfile.lock\" \"${PODS_ROOT}/Manifest.lock\" > /dev/null\nif [ $? != 0 ] ; then\n    # print error to STDERR\n    echo \"error: The sandbox is not in sync with the Podfile.lock. Run 'pod install' or update your CocoaPods installation.\" >&2\n    exit 1\nfi\n# This output is used by Xcode 'outputs' to avoid re-running this script phase.\necho \"SUCCESS\" > \"${SCRIPT_OUTPUT_FILE_0}\"\n";
			showEnvVarsInLog = 0;
		};
		DAD4C8F2F0E625365C3585F0 /* [CP] Embed Pods Frameworks */ = {
			isa = PBXShellScriptBuildPhase;
			buildActionMask = 2147483647;
			files = (
			);
			inputFileListPaths = (
			);
			inputPaths = (
				"${PODS_ROOT}/Target Support Files/Pods-SmartMobe/Pods-SmartMobe-frameworks.sh",
				"${BUILT_PRODUCTS_DIR}/Alamofire/Alamofire.framework",
				"${BUILT_PRODUCTS_DIR}/SDWebImage/SDWebImage.framework",
			);
			name = "[CP] Embed Pods Frameworks";
			outputFileListPaths = (
			);
			outputPaths = (
				"${TARGET_BUILD_DIR}/${FRAMEWORKS_FOLDER_PATH}/Alamofire.framework",
				"${TARGET_BUILD_DIR}/${FRAMEWORKS_FOLDER_PATH}/SDWebImage.framework",
			);
			runOnlyForDeploymentPostprocessing = 0;
			shellPath = /bin/sh;
			shellScript = "\"${PODS_ROOT}/Target Support Files/Pods-SmartMobe/Pods-SmartMobe-frameworks.sh\"\n";
			showEnvVarsInLog = 0;
		};
		DFED784EFCB11301384777F9 /* [CP] Check Pods Manifest.lock */ = {
			isa = PBXShellScriptBuildPhase;
			buildActionMask = 2147483647;
			files = (
			);
			inputFileListPaths = (
			);
			inputPaths = (
				"${PODS_PODFILE_DIR_PATH}/Podfile.lock",
				"${PODS_ROOT}/Manifest.lock",
			);
			name = "[CP] Check Pods Manifest.lock";
			outputFileListPaths = (
			);
			outputPaths = (
				"$(DERIVED_FILE_DIR)/Pods-SmartMobeTests-checkManifestLockResult.txt",
			);
			runOnlyForDeploymentPostprocessing = 0;
			shellPath = /bin/sh;
			shellScript = "diff \"${PODS_PODFILE_DIR_PATH}/Podfile.lock\" \"${PODS_ROOT}/Manifest.lock\" > /dev/null\nif [ $? != 0 ] ; then\n    # print error to STDERR\n    echo \"error: The sandbox is not in sync with the Podfile.lock. Run 'pod install' or update your CocoaPods installation.\" >&2\n    exit 1\nfi\n# This output is used by Xcode 'outputs' to avoid re-running this script phase.\necho \"SUCCESS\" > \"${SCRIPT_OUTPUT_FILE_0}\"\n";
			showEnvVarsInLog = 0;
		};
/* End PBXShellScriptBuildPhase section */

/* Begin PBXSourcesBuildPhase section */
		48F4CC02225DF83B005F5771 /* Sources */ = {
			isa = PBXSourcesBuildPhase;
			buildActionMask = 2147483647;
			files = (
				48F4CC59225E1201005F5771 /* UIStoryBoard.swift in Sources */,
				48F4CC42225E0467005F5771 /* PersistenceError.swift in Sources */,
				48F4CC56225E0F8A005F5771 /* ListingViewTableCellView.swift in Sources */,
				48F4CC3E225E0434005F5771 /* CoreDataStore.swift in Sources */,
				48F2B196225EFC870042ABCC /* DetailViewWireFrame.swift in Sources */,
				48F4CC4A225E05BA005F5771 /* ListingViewLocalDataManager.swift in Sources */,
				48F4CC35225DF929005F5771 /* ListingViewProtocols.swift in Sources */,
				48F4CC3A225E00DE005F5771 /* ListRequestModel.swift in Sources */,
				48F2B198225EFCE50042ABCC /* DetailView.swift in Sources */,
				48F2B189225EEF9A0042ABCC /* DetailViewProtocols.swift in Sources */,
				48F4CC44225E0471005F5771 /* ShowAlert.swift in Sources */,
				48F4CC40225E043D005F5771 /* Model+Alamofire.swift in Sources */,
				48F4CC46225E0478005F5771 /* EndPoints.swift in Sources */,
				48F2B18D225EF2A60042ABCC /* DetailResponseModel.swift in Sources */,
				48F4CC50225E0CF0005F5771 /* ListingViewPresenter.swift in Sources */,
				48F4CC4E225E0940005F5771 /* ListingViewInteractor.swift in Sources */,
				48F2B18B225EF20B0042ABCC /* DetailViewRemoteDataManager.swift in Sources */,
				48F4CC5B225E167B005F5771 /* ListingViewWireFrame.swift in Sources */,
				48F2B192225EFA8D0042ABCC /* DetailViewInteractor.swift in Sources */,
				48F4CC0A225DF83B005F5771 /* AppDelegate.swift in Sources */,
				48F4CC54225E0F2F005F5771 /* ListingView.swift in Sources */,
				48F4CC38225E00D1005F5771 /* ListResponseModel.swift in Sources */,
				48F4CC12225DF83B005F5771 /* SmartMobe.xcdatamodeld in Sources */,
				48F2B194225EFB470042ABCC /* DetailViewPresenter.swift in Sources */,
				48F4CC4C225E0773005F5771 /* ListingViewRemoteDataManager.swift in Sources */,
			);
			runOnlyForDeploymentPostprocessing = 0;
		};
		48F4CC19225DF83D005F5771 /* Sources */ = {
			isa = PBXSourcesBuildPhase;
			buildActionMask = 2147483647;
			files = (
				48F2B19B225F21990042ABCC /* ListingViewPresenterTests.swift in Sources */,
				48F4CC22225DF83D005F5771 /* ListingViewLocalDataManagerTests.swift in Sources */,
				48F4CC63225E282A005F5771 /* ListingViewRemoteDataManager.swift in Sources */,
			);
			runOnlyForDeploymentPostprocessing = 0;
		};
		F022504422A90B0B00EE9A86 /* Sources */ = {
			isa = PBXSourcesBuildPhase;
			buildActionMask = 2147483647;
			files = (
				F022504B22A90B0B00EE9A86 /* SmartMobeUITests.swift in Sources */,
			);
			runOnlyForDeploymentPostprocessing = 0;
		};
/* End PBXSourcesBuildPhase section */

/* Begin PBXTargetDependency section */
		48F4CC1F225DF83D005F5771 /* PBXTargetDependency */ = {
			isa = PBXTargetDependency;
			target = 48F4CC05225DF83B005F5771 /* SmartMobe */;
			targetProxy = 48F4CC1E225DF83D005F5771 /* PBXContainerItemProxy */;
		};
		F022504E22A90B0B00EE9A86 /* PBXTargetDependency */ = {
			isa = PBXTargetDependency;
			target = 48F4CC05225DF83B005F5771 /* SmartMobe */;
			targetProxy = F022504D22A90B0B00EE9A86 /* PBXContainerItemProxy */;
		};
/* End PBXTargetDependency section */

/* Begin PBXVariantGroup section */
		48F4CC15225DF83D005F5771 /* LaunchScreen.storyboard */ = {
			isa = PBXVariantGroup;
			children = (
				48F4CC16225DF83D005F5771 /* Base */,
			);
			name = LaunchScreen.storyboard;
			sourceTree = "<group>";
		};
/* End PBXVariantGroup section */

/* Begin XCBuildConfiguration section */
		48F4CC24225DF83D005F5771 /* Debug */ = {
			isa = XCBuildConfiguration;
			buildSettings = {
				ALWAYS_SEARCH_USER_PATHS = NO;
				CLANG_ANALYZER_NONNULL = YES;
				CLANG_ANALYZER_NUMBER_OBJECT_CONVERSION = YES_AGGRESSIVE;
				CLANG_CXX_LANGUAGE_STANDARD = "gnu++14";
				CLANG_CXX_LIBRARY = "libc++";
				CLANG_ENABLE_MODULES = YES;
				CLANG_ENABLE_OBJC_ARC = YES;
				CLANG_ENABLE_OBJC_WEAK = YES;
				CLANG_WARN_BLOCK_CAPTURE_AUTORELEASING = YES;
				CLANG_WARN_BOOL_CONVERSION = YES;
				CLANG_WARN_COMMA = YES;
				CLANG_WARN_CONSTANT_CONVERSION = YES;
				CLANG_WARN_DEPRECATED_OBJC_IMPLEMENTATIONS = YES;
				CLANG_WARN_DIRECT_OBJC_ISA_USAGE = YES_ERROR;
				CLANG_WARN_DOCUMENTATION_COMMENTS = YES;
				CLANG_WARN_EMPTY_BODY = YES;
				CLANG_WARN_ENUM_CONVERSION = YES;
				CLANG_WARN_INFINITE_RECURSION = YES;
				CLANG_WARN_INT_CONVERSION = YES;
				CLANG_WARN_NON_LITERAL_NULL_CONVERSION = YES;
				CLANG_WARN_OBJC_IMPLICIT_RETAIN_SELF = YES;
				CLANG_WARN_OBJC_LITERAL_CONVERSION = YES;
				CLANG_WARN_OBJC_ROOT_CLASS = YES_ERROR;
				CLANG_WARN_RANGE_LOOP_ANALYSIS = YES;
				CLANG_WARN_STRICT_PROTOTYPES = YES;
				CLANG_WARN_SUSPICIOUS_MOVE = YES;
				CLANG_WARN_UNGUARDED_AVAILABILITY = YES_AGGRESSIVE;
				CLANG_WARN_UNREACHABLE_CODE = YES;
				CLANG_WARN__DUPLICATE_METHOD_MATCH = YES;
				CODE_SIGN_IDENTITY = "iPhone Developer";
				COPY_PHASE_STRIP = NO;
				DEBUG_INFORMATION_FORMAT = dwarf;
				ENABLE_STRICT_OBJC_MSGSEND = YES;
				ENABLE_TESTABILITY = YES;
				GCC_C_LANGUAGE_STANDARD = gnu11;
				GCC_DYNAMIC_NO_PIC = NO;
				GCC_NO_COMMON_BLOCKS = YES;
				GCC_OPTIMIZATION_LEVEL = 0;
				GCC_PREPROCESSOR_DEFINITIONS = (
					"DEBUG=1",
					"$(inherited)",
				);
				GCC_WARN_64_TO_32_BIT_CONVERSION = YES;
				GCC_WARN_ABOUT_RETURN_TYPE = YES_ERROR;
				GCC_WARN_UNDECLARED_SELECTOR = YES;
				GCC_WARN_UNINITIALIZED_AUTOS = YES_AGGRESSIVE;
				GCC_WARN_UNUSED_FUNCTION = YES;
				GCC_WARN_UNUSED_VARIABLE = YES;
				IPHONEOS_DEPLOYMENT_TARGET = 12.2;
				MTL_ENABLE_DEBUG_INFO = INCLUDE_SOURCE;
				MTL_FAST_MATH = YES;
				ONLY_ACTIVE_ARCH = YES;
				SDKROOT = iphoneos;
				SWIFT_ACTIVE_COMPILATION_CONDITIONS = DEBUG;
				SWIFT_OPTIMIZATION_LEVEL = "-Onone";
			};
			name = Debug;
		};
		48F4CC25225DF83D005F5771 /* Release */ = {
			isa = XCBuildConfiguration;
			buildSettings = {
				ALWAYS_SEARCH_USER_PATHS = NO;
				CLANG_ANALYZER_NONNULL = YES;
				CLANG_ANALYZER_NUMBER_OBJECT_CONVERSION = YES_AGGRESSIVE;
				CLANG_CXX_LANGUAGE_STANDARD = "gnu++14";
				CLANG_CXX_LIBRARY = "libc++";
				CLANG_ENABLE_MODULES = YES;
				CLANG_ENABLE_OBJC_ARC = YES;
				CLANG_ENABLE_OBJC_WEAK = YES;
				CLANG_WARN_BLOCK_CAPTURE_AUTORELEASING = YES;
				CLANG_WARN_BOOL_CONVERSION = YES;
				CLANG_WARN_COMMA = YES;
				CLANG_WARN_CONSTANT_CONVERSION = YES;
				CLANG_WARN_DEPRECATED_OBJC_IMPLEMENTATIONS = YES;
				CLANG_WARN_DIRECT_OBJC_ISA_USAGE = YES_ERROR;
				CLANG_WARN_DOCUMENTATION_COMMENTS = YES;
				CLANG_WARN_EMPTY_BODY = YES;
				CLANG_WARN_ENUM_CONVERSION = YES;
				CLANG_WARN_INFINITE_RECURSION = YES;
				CLANG_WARN_INT_CONVERSION = YES;
				CLANG_WARN_NON_LITERAL_NULL_CONVERSION = YES;
				CLANG_WARN_OBJC_IMPLICIT_RETAIN_SELF = YES;
				CLANG_WARN_OBJC_LITERAL_CONVERSION = YES;
				CLANG_WARN_OBJC_ROOT_CLASS = YES_ERROR;
				CLANG_WARN_RANGE_LOOP_ANALYSIS = YES;
				CLANG_WARN_STRICT_PROTOTYPES = YES;
				CLANG_WARN_SUSPICIOUS_MOVE = YES;
				CLANG_WARN_UNGUARDED_AVAILABILITY = YES_AGGRESSIVE;
				CLANG_WARN_UNREACHABLE_CODE = YES;
				CLANG_WARN__DUPLICATE_METHOD_MATCH = YES;
				CODE_SIGN_IDENTITY = "iPhone Developer";
				COPY_PHASE_STRIP = NO;
				DEBUG_INFORMATION_FORMAT = "dwarf-with-dsym";
				ENABLE_NS_ASSERTIONS = NO;
				ENABLE_STRICT_OBJC_MSGSEND = YES;
				GCC_C_LANGUAGE_STANDARD = gnu11;
				GCC_NO_COMMON_BLOCKS = YES;
				GCC_WARN_64_TO_32_BIT_CONVERSION = YES;
				GCC_WARN_ABOUT_RETURN_TYPE = YES_ERROR;
				GCC_WARN_UNDECLARED_SELECTOR = YES;
				GCC_WARN_UNINITIALIZED_AUTOS = YES_AGGRESSIVE;
				GCC_WARN_UNUSED_FUNCTION = YES;
				GCC_WARN_UNUSED_VARIABLE = YES;
				IPHONEOS_DEPLOYMENT_TARGET = 12.2;
				MTL_ENABLE_DEBUG_INFO = NO;
				MTL_FAST_MATH = YES;
				SDKROOT = iphoneos;
				SWIFT_COMPILATION_MODE = wholemodule;
				SWIFT_OPTIMIZATION_LEVEL = "-O";
				VALIDATE_PRODUCT = YES;
			};
			name = Release;
		};
		48F4CC27225DF83D005F5771 /* Debug */ = {
			isa = XCBuildConfiguration;
			baseConfigurationReference = 5D401E8A5EE713E561E3A027 /* Pods-SmartMobe.debug.xcconfig */;
			buildSettings = {
				ASSETCATALOG_COMPILER_APPICON_NAME = AppIcon;
				CODE_SIGN_STYLE = Automatic;
				DEVELOPMENT_TEAM = M95J6R4W33;
				INFOPLIST_FILE = SmartMobe/Info.plist;
				IPHONEOS_DEPLOYMENT_TARGET = 10.0;
				LD_RUNPATH_SEARCH_PATHS = (
					"$(inherited)",
					"@executable_path/Frameworks",
				);
				PRODUCT_BUNDLE_IDENTIFIER = aashishadhikari.com.np.SmartMobe;
				PRODUCT_NAME = "$(TARGET_NAME)";
				SWIFT_VERSION = 4.2;
				TARGETED_DEVICE_FAMILY = "1,2";
			};
			name = Debug;
		};
		48F4CC28225DF83D005F5771 /* Release */ = {
			isa = XCBuildConfiguration;
			baseConfigurationReference = 924380A131B1E421C48D5062 /* Pods-SmartMobe.release.xcconfig */;
			buildSettings = {
				ASSETCATALOG_COMPILER_APPICON_NAME = AppIcon;
				CODE_SIGN_STYLE = Automatic;
				DEVELOPMENT_TEAM = M95J6R4W33;
				INFOPLIST_FILE = SmartMobe/Info.plist;
				IPHONEOS_DEPLOYMENT_TARGET = 10.0;
				LD_RUNPATH_SEARCH_PATHS = (
					"$(inherited)",
					"@executable_path/Frameworks",
				);
				PRODUCT_BUNDLE_IDENTIFIER = aashishadhikari.com.np.SmartMobe;
				PRODUCT_NAME = "$(TARGET_NAME)";
				SWIFT_VERSION = 4.2;
				TARGETED_DEVICE_FAMILY = "1,2";
			};
			name = Release;
		};
		48F4CC2A225DF83D005F5771 /* Debug */ = {
			isa = XCBuildConfiguration;
			baseConfigurationReference = 2C326734097C6ABB5924C221 /* Pods-SmartMobeTests.debug.xcconfig */;
			buildSettings = {
				ALWAYS_EMBED_SWIFT_STANDARD_LIBRARIES = YES;
				BUNDLE_LOADER = "$(TEST_HOST)";
				CODE_SIGN_STYLE = Automatic;
				DEVELOPMENT_TEAM = M95J6R4W33;
				INFOPLIST_FILE = SmartMobeTests/Info.plist;
				LD_RUNPATH_SEARCH_PATHS = (
					"$(inherited)",
					"@executable_path/Frameworks",
					"@loader_path/Frameworks",
				);
				PRODUCT_BUNDLE_IDENTIFIER = aashishadhikari.com.np.SmartMobeTests;
				PRODUCT_NAME = "$(TARGET_NAME)";
				SWIFT_VERSION = 4.2;
				TARGETED_DEVICE_FAMILY = "1,2";
				TEST_HOST = "$(BUILT_PRODUCTS_DIR)/SmartMobe.app/SmartMobe";
			};
			name = Debug;
		};
		48F4CC2B225DF83D005F5771 /* Release */ = {
			isa = XCBuildConfiguration;
			baseConfigurationReference = 81DA997FE2173ADA5CE3EA4C /* Pods-SmartMobeTests.release.xcconfig */;
			buildSettings = {
				ALWAYS_EMBED_SWIFT_STANDARD_LIBRARIES = YES;
				BUNDLE_LOADER = "$(TEST_HOST)";
				CODE_SIGN_STYLE = Automatic;
				DEVELOPMENT_TEAM = M95J6R4W33;
				INFOPLIST_FILE = SmartMobeTests/Info.plist;
				LD_RUNPATH_SEARCH_PATHS = (
					"$(inherited)",
					"@executable_path/Frameworks",
					"@loader_path/Frameworks",
				);
				PRODUCT_BUNDLE_IDENTIFIER = aashishadhikari.com.np.SmartMobeTests;
				PRODUCT_NAME = "$(TARGET_NAME)";
				SWIFT_VERSION = 4.2;
				TARGETED_DEVICE_FAMILY = "1,2";
				TEST_HOST = "$(BUILT_PRODUCTS_DIR)/SmartMobe.app/SmartMobe";
			};
			name = Release;
		};
		F022505022A90B0B00EE9A86 /* Debug */ = {
			isa = XCBuildConfiguration;
			buildSettings = {
				CODE_SIGN_STYLE = Automatic;
				DEVELOPMENT_TEAM = M95J6R4W33;
				INFOPLIST_FILE = SmartMobeUITests/Info.plist;
				LD_RUNPATH_SEARCH_PATHS = (
					"$(inherited)",
					"@executable_path/Frameworks",
					"@loader_path/Frameworks",
				);
				PRODUCT_BUNDLE_IDENTIFIER = np.com.aashishadhikari.SmartMobeUITests;
				PRODUCT_NAME = "$(TARGET_NAME)";
				SWIFT_VERSION = 4.2;
				TARGETED_DEVICE_FAMILY = "1,2";
				TEST_TARGET_NAME = SmartMobe;
			};
			name = Debug;
		};
		F022505122A90B0B00EE9A86 /* Release */ = {
			isa = XCBuildConfiguration;
			buildSettings = {
				CODE_SIGN_STYLE = Automatic;
				DEVELOPMENT_TEAM = M95J6R4W33;
				INFOPLIST_FILE = SmartMobeUITests/Info.plist;
				LD_RUNPATH_SEARCH_PATHS = (
					"$(inherited)",
					"@executable_path/Frameworks",
					"@loader_path/Frameworks",
				);
				PRODUCT_BUNDLE_IDENTIFIER = np.com.aashishadhikari.SmartMobeUITests;
				PRODUCT_NAME = "$(TARGET_NAME)";
				SWIFT_VERSION = 4.2;
				TARGETED_DEVICE_FAMILY = "1,2";
				TEST_TARGET_NAME = SmartMobe;
			};
			name = Release;
		};
/* End XCBuildConfiguration section */

/* Begin XCConfigurationList section */
		48F4CC01225DF83B005F5771 /* Build configuration list for PBXProject "SmartMobe" */ = {
			isa = XCConfigurationList;
			buildConfigurations = (
				48F4CC24225DF83D005F5771 /* Debug */,
				48F4CC25225DF83D005F5771 /* Release */,
			);
			defaultConfigurationIsVisible = 0;
			defaultConfigurationName = Release;
		};
		48F4CC26225DF83D005F5771 /* Build configuration list for PBXNativeTarget "SmartMobe" */ = {
			isa = XCConfigurationList;
			buildConfigurations = (
				48F4CC27225DF83D005F5771 /* Debug */,
				48F4CC28225DF83D005F5771 /* Release */,
			);
			defaultConfigurationIsVisible = 0;
			defaultConfigurationName = Release;
		};
		48F4CC29225DF83D005F5771 /* Build configuration list for PBXNativeTarget "SmartMobeTests" */ = {
			isa = XCConfigurationList;
			buildConfigurations = (
				48F4CC2A225DF83D005F5771 /* Debug */,
				48F4CC2B225DF83D005F5771 /* Release */,
			);
			defaultConfigurationIsVisible = 0;
			defaultConfigurationName = Release;
		};
		F022504F22A90B0B00EE9A86 /* Build configuration list for PBXNativeTarget "SmartMobeUITests" */ = {
			isa = XCConfigurationList;
			buildConfigurations = (
				F022505022A90B0B00EE9A86 /* Debug */,
				F022505122A90B0B00EE9A86 /* Release */,
			);
			defaultConfigurationIsVisible = 0;
			defaultConfigurationName = Release;
		};
/* End XCConfigurationList section */

/* Begin XCVersionGroup section */
		48F4CC10225DF83B005F5771 /* SmartMobe.xcdatamodeld */ = {
			isa = XCVersionGroup;
			children = (
				48F4CC11225DF83B005F5771 /* SmartMobe.xcdatamodel */,
			);
			currentVersion = 48F4CC11225DF83B005F5771 /* SmartMobe.xcdatamodel */;
			path = SmartMobe.xcdatamodeld;
			sourceTree = "<group>";
			versionGroupType = wrapper.xcdatamodel;
		};
/* End XCVersionGroup section */
	};
	rootObject = 48F4CBFE225DF83B005F5771 /* Project object */;
}
